
Microsoft Visual Studio Solution File, Format Version 12.00
# Visual Studio Version 16
VisualStudioVersion = 16.0.32106.194
MinimumVisualStudioVersion = 10.0.40219.1
Project("{FAE04EC0-301F-11D3-BF4B-00C04F79EFBC}") = "ProjetoFinal", "ProjetoFinal.csproj", "{1B73D37E-CBD0-476B-AC35-64ECFC31643F}"
EndProject
Global
	GlobalSection(SolutionConfigurationPlatforms) = preSolution
		Debug|Any CPU = Debug|Any CPU
		Release|Any CPU = Release|Any CPU
	EndGlobalSection
	GlobalSection(ProjectConfigurationPlatforms) = postSolution
		{1B73D37E-CBD0-476B-AC35-64ECFC31643F}.Debug|Any CPU.ActiveCfg = Debug|Any CPU
		{1B73D37E-CBD0-476B-AC35-64ECFC31643F}.Debug|Any CPU.Build.0 = Debug|Any CPU
		{1B73D37E-CBD0-476B-AC35-64ECFC31643F}.Release|Any CPU.ActiveCfg = Release|Any CPU
		{1B73D37E-CBD0-476B-AC35-64ECFC31643F}.Release|Any CPU.Build.0 = Release|Any CPU
	EndGlobalSection
	GlobalSection(SolutionProperties) = preSolution
		HideSolutionNode = FALSE
	EndGlobalSection
	GlobalSection(ExtensibilityGlobals) = postSolution
		SolutionGuid = {A5527C4E-978C-460B-BDF4-0D9DE1301143}
	EndGlobalSection
EndGlobal
